<Solution>
  <Folder Name="/src/" />
  <Folder Name="/src/Shared/">
    <Project Path="src/Shared/FractionalOrdering/FractionalOrdering.csproj" />
    <Project Path="src/Shared/SharedKernel/SharedKernel.csproj" />
  </Folder>
  <Folder Name="/tests/" />
  <Folder Name="/tests/Shared/">
    <Project Path="tests/Shared/FractionalOrdering.Tests/FractionalOrdering.Tests.csproj" />
    <Project Path="tests/Shared/SharedKernel.Tests/SharedKernel.Tests.csproj" />
  </Folder>
</Solution>
